
Microsoft Visual Studio Solution File, Format Version 12.00
# Visual Studio 15
VisualStudioVersion = 15.0.26124.0
MinimumVisualStudioVersion = 15.0.26124.0
Project("{FAE04EC0-301F-11D3-BF4B-00C04F79EFBC}") = "Crypto", "Crypto\Crypto.csproj", "{8B927ACD-BB65-479D-BDD3-8539129C927D}"
EndProject
Project("{FAE04EC0-301F-11D3-BF4B-00C04F79EFBC}") = "Crypto.Tests", "Crypto.Tests\Crypto.Tests.csproj", "{3ECCCD60-622F-46E6-BD8E-822C8F9C993F}"
EndProject
Global
	GlobalSection(SolutionConfigurationPlatforms) = preSolution
		Debug|Any CPU = Debug|Any CPU
		Debug|x64 = Debug|x64
		Debug|x86 = Debug|x86
		Release|Any CPU = Release|Any CPU
		Release|x64 = Release|x64
		Release|x86 = Release|x86
	EndGlobalSection
	GlobalSection(SolutionProperties) = preSolution
		HideSolutionNode = FALSE
	EndGlobalSection
	GlobalSection(ProjectConfigurationPlatforms) = postSolution
		{8B927ACD-BB65-479D-BDD3-8539129C927D}.Debug|Any CPU.ActiveCfg = Debug|Any CPU
		{8B927ACD-BB65-479D-BDD3-8539129C927D}.Debug|Any CPU.Build.0 = Debug|Any CPU
		{8B927ACD-BB65-479D-BDD3-8539129C927D}.Debug|x64.ActiveCfg = Debug|Any CPU
		{8B927ACD-BB65-479D-BDD3-8539129C927D}.Debug|x64.Build.0 = Debug|Any CPU
		{8B927ACD-BB65-479D-BDD3-8539129C927D}.Debug|x86.ActiveCfg = Debug|Any CPU
		{8B927ACD-BB65-479D-BDD3-8539129C927D}.Debug|x86.Build.0 = Debug|Any CPU
		{8B927ACD-BB65-479D-BDD3-8539129C927D}.Release|Any CPU.ActiveCfg = Release|Any CPU
		{8B927ACD-BB65-479D-BDD3-8539129C927D}.Release|Any CPU.Build.0 = Release|Any CPU
		{8B927ACD-BB65-479D-BDD3-8539129C927D}.Release|x64.ActiveCfg = Release|Any CPU
		{8B927ACD-BB65-479D-BDD3-8539129C927D}.Release|x64.Build.0 = Release|Any CPU
		{8B927ACD-BB65-479D-BDD3-8539129C927D}.Release|x86.ActiveCfg = Release|Any CPU
		{8B927ACD-BB65-479D-BDD3-8539129C927D}.Release|x86.Build.0 = Release|Any CPU
		{3ECCCD60-622F-46E6-BD8E-822C8F9C993F}.Debug|Any CPU.ActiveCfg = Debug|Any CPU
		{3ECCCD60-622F-46E6-BD8E-822C8F9C993F}.Debug|Any CPU.Build.0 = Debug|Any CPU
		{3ECCCD60-622F-46E6-BD8E-822C8F9C993F}.Debug|x64.ActiveCfg = Debug|Any CPU
		{3ECCCD60-622F-46E6-BD8E-822C8F9C993F}.Debug|x64.Build.0 = Debug|Any CPU
		{3ECCCD60-622F-46E6-BD8E-822C8F9C993F}.Debug|x86.ActiveCfg = Debug|Any CPU
		{3ECCCD60-622F-46E6-BD8E-822C8F9C993F}.Debug|x86.Build.0 = Debug|Any CPU
		{3ECCCD60-622F-46E6-BD8E-822C8F9C993F}.Release|Any CPU.ActiveCfg = Release|Any CPU
		{3ECCCD60-622F-46E6-BD8E-822C8F9C993F}.Release|Any CPU.Build.0 = Release|Any CPU
		{3ECCCD60-622F-46E6-BD8E-822C8F9C993F}.Release|x64.ActiveCfg = Release|Any CPU
		{3ECCCD60-622F-46E6-BD8E-822C8F9C993F}.Release|x64.Build.0 = Release|Any CPU
		{3ECCCD60-622F-46E6-BD8E-822C8F9C993F}.Release|x86.ActiveCfg = Release|Any CPU
		{3ECCCD60-622F-46E6-BD8E-822C8F9C993F}.Release|x86.Build.0 = Release|Any CPU
	EndGlobalSection
EndGlobal
